{
  "version": 4,
  "terraform_version": "1.11.0",
  "serial": 28,
  "lineage": "e024fde3-2139-1d49-499d-d7c67a0335b8",
  "outputs": {
    "app_url": {
      "value": "https://flask-web-app-radhika1.azurewebsites.net",
      "type": "string"
    }
  },
  "resources": [
    {
      "mode": "managed",
      "type": "azurerm_linux_web_app",
      "name": "flask_app",
      "provider": "provider[\"registry.terraform.io/hashicorp/azurerm\"]",
      "instances": [
        {
          "schema_version": 1,
          "attributes": {
            "app_settings": null,
            "auth_settings": [],
            "auth_settings_v2": [],
            "backup": [],
            "client_affinity_enabled": false,
            "client_certificate_enabled": false,
            "client_certificate_exclusion_paths": "",
            "client_certificate_mode": "Required",
            "connection_string": [],
            "custom_domain_verification_id": "3F6B2CB0957D61D18AF945C291C6AFFA86F3D59B9A36092E8EC885FADCD0DEC5",
            "default_hostname": "flask-web-app-radhika1.azurewebsites.net",
            "enabled": true,
            "ftp_publish_basic_authentication_enabled": true,
            "hosting_environment_id": "",
            "https_only": false,
            "id": "/subscriptions/0821021b-f9a3-431b-ad44-913a7486e69e/resourceGroups/flask-resource-group/providers/Microsoft.Web/sites/flask-web-app-radhika1",
            "identity": [],
            "key_vault_reference_identity_id": "SystemAssigned",
            "kind": "app,linux",
            "location": "centralus",
            "logs": [],
            "name": "flask-web-app-radhika1",
            "outbound_ip_address_list": [
              "52.242.231.60",
              "52.242.231.105",
              "52.242.231.108",
              "52.242.231.116",
              "52.242.231.123",
              "52.242.231.133",
              "20.40.202.15"
            ],
            "outbound_ip_addresses": "52.242.231.60,52.242.231.105,52.242.231.108,52.242.231.116,52.242.231.123,52.242.231.133,20.40.202.15",
            "possible_outbound_ip_address_list": [
              "52.242.231.60",
              "52.242.231.105",
              "52.242.231.108",
              "52.242.231.116",
              "52.242.231.123",
              "52.242.231.133",
              "52.242.231.141",
              "52.242.231.151",
              "52.242.231.161",
              "52.242.231.163",
              "52.242.231.166",
              "52.242.231.198",
              "52.242.231.206",
              "52.242.231.228",
              "52.242.231.235",
              "52.242.231.246",
              "52.242.231.255",
              "52.230.224.25",
              "20.84.226.12",
              "20.84.226.24",
              "20.84.226.56",
              "20.84.226.63",
              "20.84.226.128",
              "20.84.226.133",
              "20.40.202.15"
            ],
            "possible_outbound_ip_addresses": "52.242.231.60,52.242.231.105,52.242.231.108,52.242.231.116,52.242.231.123,52.242.231.133,52.242.231.141,52.242.231.151,52.242.231.161,52.242.231.163,52.242.231.166,52.242.231.198,52.242.231.206,52.242.231.228,52.242.231.235,52.242.231.246,52.242.231.255,52.230.224.25,20.84.226.12,20.84.226.24,20.84.226.56,20.84.226.63,20.84.226.128,20.84.226.133,20.40.202.15",
            "public_network_access_enabled": true,
            "resource_group_name": "flask-resource-group",
            "service_plan_id": "/subscriptions/0821021b-f9a3-431b-ad44-913a7486e69e/resourceGroups/flask-resource-group/providers/Microsoft.Web/serverFarms/flask-app-service-plan",
            "site_config": [
              {
                "always_on": false,
                "api_definition_url": "",
                "api_management_api_id": "",
                "app_command_line": "",
                "application_stack": [
                  {
                    "docker_image_name": "",
                    "docker_registry_password": "",
                    "docker_registry_url": "",
                    "docker_registry_username": "",
                    "dotnet_version": "",
                    "go_version": "",
                    "java_server": "",
                    "java_server_version": "",
                    "java_version": "",
                    "node_version": "",
                    "php_version": "",
                    "python_version": "3.12",
                    "ruby_version": ""
                  }
                ],
                "auto_heal_setting": [],
                "container_registry_managed_identity_client_id": "",
                "container_registry_use_managed_identity": false,
                "cors": [],
                "default_documents": [
                  "Default.htm",
                  "Default.html",
                  "Default.asp",
                  "index.htm",
                  "index.html",
                  "iisstart.htm",
                  "default.aspx",
                  "index.php",
                  "hostingstart.html"
                ],
                "detailed_error_logging_enabled": false,
                "ftps_state": "Disabled",
                "health_check_eviction_time_in_min": 0,
                "health_check_path": "",
                "http2_enabled": false,
                "ip_restriction": [],
                "ip_restriction_default_action": "Allow",
                "linux_fx_version": "PYTHON|3.12",
                "load_balancing_mode": "LeastRequests",
                "local_mysql_enabled": false,
                "managed_pipeline_mode": "Integrated",
                "minimum_tls_version": "1.2",
                "remote_debugging_enabled": false,
                "remote_debugging_version": "VS2022",
                "scm_ip_restriction": [],
                "scm_ip_restriction_default_action": "Allow",
                "scm_minimum_tls_version": "1.2",
                "scm_type": "None",
                "scm_use_main_ip_restriction": false,
                "use_32_bit_worker": true,
                "vnet_route_all_enabled": false,
                "websockets_enabled": false,
                "worker_count": 1
              }
            ],
            "site_credential": [
              {
                "name": "$flask-web-app-radhika1",
                "password": "n3znpGdDiD3i0cLlnW783gzneKdobjdrvqlhe8wmNnHwygLMarQFqDBivHHj"
              }
            ],
            "sticky_settings": [],
            "storage_account": [],
            "tags": null,
            "timeouts": null,
            "virtual_network_subnet_id": "",
            "webdeploy_publish_basic_authentication_enabled": true,
            "zip_deploy_file": ""
          },
          "sensitive_attributes": [
            [
              {
                "type": "get_attr",
                "value": "site_credential"
              }
            ],
            [
              {
                "type": "get_attr",
                "value": "custom_domain_verification_id"
              }
            ],
            [
              {
                "type": "get_attr",
                "value": "site_config"
              },
              {
                "type": "index",
                "value": {
                  "value": 0,
                  "type": "number"
                }
              },
              {
                "type": "get_attr",
                "value": "application_stack"
              },
              {
                "type": "index",
                "value": {
                  "value": 0,
                  "type": "number"
                }
              },
              {
                "type": "get_attr",
                "value": "docker_registry_password"
              }
            ]
          ],
          "private": "eyJlMmJmYjczMC1lY2FhLTExZTYtOGY4OC0zNDM2M2JjN2M0YzAiOnsiY3JlYXRlIjoxODAwMDAwMDAwMDAwLCJkZWxldGUiOjE4MDAwMDAwMDAwMDAsInJlYWQiOjMwMDAwMDAwMDAwMCwidXBkYXRlIjoxODAwMDAwMDAwMDAwfSwic2NoZW1hX3ZlcnNpb24iOiIxIn0=",
          "dependencies": [
            "azurerm_resource_group.flask_rg",
            "azurerm_service_plan.flask_plan"
          ]
        }
      ]
    },
    {
      "mode": "managed",
      "type": "azurerm_resource_group",
      "name": "flask_rg",
      "provider": "provider[\"registry.terraform.io/hashicorp/azurerm\"]",
      "instances": [
        {
          "schema_version": 0,
          "attributes": {
            "id": "/subscriptions/0821021b-f9a3-431b-ad44-913a7486e69e/resourceGroups/flask-resource-group",
            "location": "centralus",
            "managed_by": "",
            "name": "flask-resource-group",
            "tags": {},
            "timeouts": null
          },
          "sensitive_attributes": [],
          "private": "eyJlMmJmYjczMC1lY2FhLTExZTYtOGY4OC0zNDM2M2JjN2M0YzAiOnsiY3JlYXRlIjo1NDAwMDAwMDAwMDAwLCJkZWxldGUiOjU0MDAwMDAwMDAwMDAsInJlYWQiOjMwMDAwMDAwMDAwMCwidXBkYXRlIjo1NDAwMDAwMDAwMDAwfX0="
        }
      ]
    },
    {
      "mode": "managed",
      "type": "azurerm_service_plan",
      "name": "flask_plan",
      "provider": "provider[\"registry.terraform.io/hashicorp/azurerm\"]",
      "instances": [
        {
          "schema_version": 1,
          "attributes": {
            "app_service_environment_id": "",
            "id": "/subscriptions/0821021b-f9a3-431b-ad44-913a7486e69e/resourceGroups/flask-resource-group/providers/Microsoft.Web/serverFarms/flask-app-service-plan",
            "kind": "linux",
            "location": "centralus",
            "maximum_elastic_worker_count": 1,
            "name": "flask-app-service-plan",
            "os_type": "Linux",
            "per_site_scaling_enabled": false,
            "premium_plan_auto_scale_enabled": false,
            "reserved": true,
            "resource_group_name": "flask-resource-group",
            "sku_name": "F1",
            "tags": {},
            "timeouts": null,
            "worker_count": 1,
            "zone_balancing_enabled": false
          },
          "sensitive_attributes": [],
          "private": "eyJlMmJmYjczMC1lY2FhLTExZTYtOGY4OC0zNDM2M2JjN2M0YzAiOnsiY3JlYXRlIjozNjAwMDAwMDAwMDAwLCJkZWxldGUiOjM2MDAwMDAwMDAwMDAsInJlYWQiOjMwMDAwMDAwMDAwMCwidXBkYXRlIjozNjAwMDAwMDAwMDAwfSwic2NoZW1hX3ZlcnNpb24iOiIxIn0=",
          "dependencies": [
            "azurerm_resource_group.flask_rg"
          ]
        }
      ]
    }
  ],
  "check_results": null
}
